
Microsoft Visual Studio Solution File, Format Version 12.00
# Visual Studio Version 17
VisualStudioVersion = 17.9.34701.34
MinimumVisualStudioVersion = 10.0.40219.1
Project("{8BC9CEB8-8B4A-11D0-8D11-00A0C91BC942}") = "Rubik Solver", "Rubik Solver\Rubik Solver.vcxproj", "{ED3AFE48-8B16-4263-8816-4A57BE359571}"
EndProject
Global
	GlobalSection(SolutionConfigurationPlatforms) = preSolution
		Debug|x64 = Debug|x64
		Debug|x86 = Debug|x86
		Release|x64 = Release|x64
		Release|x86 = Release|x86
	EndGlobalSection
	GlobalSection(ProjectConfigurationPlatforms) = postSolution
		{ED3AFE48-8B16-4263-8816-4A57BE359571}.Debug|x64.ActiveCfg = Debug|x64
		{ED3AFE48-8B16-4263-8816-4A57BE359571}.Debug|x64.Build.0 = Debug|x64
		{ED3AFE48-8B16-4263-8816-4A57BE359571}.Debug|x86.ActiveCfg = Debug|Win32
		{ED3AFE48-8B16-4263-8816-4A57BE359571}.Debug|x86.Build.0 = Debug|Win32
		{ED3AFE48-8B16-4263-8816-4A57BE359571}.Release|x64.ActiveCfg = Release|x64
		{ED3AFE48-8B16-4263-8816-4A57BE359571}.Release|x64.Build.0 = Release|x64
		{ED3AFE48-8B16-4263-8816-4A57BE359571}.Release|x86.ActiveCfg = Release|Win32
		{ED3AFE48-8B16-4263-8816-4A57BE359571}.Release|x86.Build.0 = Release|Win32
	EndGlobalSection
	GlobalSection(SolutionProperties) = preSolution
		HideSolutionNode = FALSE
	EndGlobalSection
	GlobalSection(ExtensibilityGlobals) = postSolution
		SolutionGuid = {72820090-8A30-4F4F-8360-779FD272989F}
	EndGlobalSection
EndGlobal
